// !$*UTF8*$!
{
	archiveVersion = 1;
	classes = {
	};
	objectVersion = 56;
	objects = {

/* Begin PBXBuildFile section */
		18606E722988BF0F00F43EFB /* AppDelegate.swift in Sources */ = {isa = PBXBuildFile; fileRef = 18606E712988BF0F00F43EFB /* AppDelegate.swift */; };
		18606E742988BF0F00F43EFB /* SceneDelegate.swift in Sources */ = {isa = PBXBuildFile; fileRef = 18606E732988BF0F00F43EFB /* SceneDelegate.swift */; };
		18606E762988BF0F00F43EFB /* ViewController.swift in Sources */ = {isa = PBXBuildFile; fileRef = 18606E752988BF0F00F43EFB /* ViewController.swift */; };
		18606E792988BF0F00F43EFB /* Main.storyboard in Resources */ = {isa = PBXBuildFile; fileRef = 18606E772988BF0F00F43EFB /* Main.storyboard */; };
		18606E7B2988BF1500F43EFB /* Assets.xcassets in Resources */ = {isa = PBXBuildFile; fileRef = 18606E7A2988BF1500F43EFB /* Assets.xcassets */; };
		18606E7E2988BF1500F43EFB /* LaunchScreen.storyboard in Resources */ = {isa = PBXBuildFile; fileRef = 18606E7C2988BF1500F43EFB /* LaunchScreen.storyboard */; };
		18606E8C2988C42800F43EFB /* TabbarViewController.swift in Sources */ = {isa = PBXBuildFile; fileRef = 18606E8B2988C42700F43EFB /* TabbarViewController.swift */; };
		18606E8E2988C44F00F43EFB /* ProfileViewController.swift in Sources */ = {isa = PBXBuildFile; fileRef = 18606E8D2988C44F00F43EFB /* ProfileViewController.swift */; };
		18606E902988C46F00F43EFB /* ViewpostViewController.swift in Sources */ = {isa = PBXBuildFile; fileRef = 18606E8F2988C46F00F43EFB /* ViewpostViewController.swift */; };
		18606E922988C4A400F43EFB /* SiginViewController.swift in Sources */ = {isa = PBXBuildFile; fileRef = 18606E912988C4A400F43EFB /* SiginViewController.swift */; };
		18606E942988C4C100F43EFB /* SignupViewController.swift in Sources */ = {isa = PBXBuildFile; fileRef = 18606E932988C4C100F43EFB /* SignupViewController.swift */; };
		18606E962988C51000F43EFB /* CreateViewController.swift in Sources */ = {isa = PBXBuildFile; fileRef = 18606E952988C51000F43EFB /* CreateViewController.swift */; };
		18606E982988C56B00F43EFB /* InappManager.swift in Sources */ = {isa = PBXBuildFile; fileRef = 18606E972988C56B00F43EFB /* InappManager.swift */; };
		18606E9A2988C58500F43EFB /* BackEndFirebaseManager.swift in Sources */ = {isa = PBXBuildFile; fileRef = 18606E992988C58500F43EFB /* BackEndFirebaseManager.swift */; };
		18606E9C2988C5A800F43EFB /* AutoManager.swift in Sources */ = {isa = PBXBuildFile; fileRef = 18606E9B2988C5A800F43EFB /* AutoManager.swift */; };
		18606E9E2988C5C000F43EFB /* UploadManager.swift in Sources */ = {isa = PBXBuildFile; fileRef = 18606E9D2988C5C000F43EFB /* UploadManager.swift */; };
		187F509829891C88009F9F93 /* FirebaseAnalytics in Frameworks */ = {isa = PBXBuildFile; productRef = 187F509729891C88009F9F93 /* FirebaseAnalytics */; };
		187F509A29891C88009F9F93 /* FirebaseAuth in Frameworks */ = {isa = PBXBuildFile; productRef = 187F509929891C88009F9F93 /* FirebaseAuth */; };
		187F509C29891C88009F9F93 /* FirebaseDatabase in Frameworks */ = {isa = PBXBuildFile; productRef = 187F509B29891C88009F9F93 /* FirebaseDatabase */; };
		187F509E29891C88009F9F93 /* FirebaseFirestore in Frameworks */ = {isa = PBXBuildFile; productRef = 187F509D29891C88009F9F93 /* FirebaseFirestore */; };
		187F50A029891C88009F9F93 /* FirebaseFirestoreCombine-Community in Frameworks */ = {isa = PBXBuildFile; productRef = 187F509F29891C88009F9F93 /* FirebaseFirestoreCombine-Community */; };
		187F50A229891C88009F9F93 /* FirebaseFirestoreSwift in Frameworks */ = {isa = PBXBuildFile; productRef = 187F50A129891C88009F9F93 /* FirebaseFirestoreSwift */; };
		187F50A429891C88009F9F93 /* FirebaseMessaging in Frameworks */ = {isa = PBXBuildFile; productRef = 187F50A329891C88009F9F93 /* FirebaseMessaging */; };
		187F50A629891C88009F9F93 /* FirebaseStorage in Frameworks */ = {isa = PBXBuildFile; productRef = 187F50A529891C88009F9F93 /* FirebaseStorage */; };
		187F50A829891DE2009F9F93 /* GoogleService-Info.plist in Resources */ = {isa = PBXBuildFile; fileRef = 187F50A729891DE0009F9F93 /* GoogleService-Info.plist */; };
		187F50AB298923F5009F9F93 /* StoreKit.framework in Frameworks */ = {isa = PBXBuildFile; fileRef = 187F50AA298923F5009F9F93 /* StoreKit.framework */; };
		187F50AE298925B5009F9F93 /* ReceiptParser in Frameworks */ = {isa = PBXBuildFile; productRef = 187F50AD298925B5009F9F93 /* ReceiptParser */; };
		18820FA02989A14E00756E55 /* User:Blog.swift in Sources */ = {isa = PBXBuildFile; fileRef = 18820F9F2989A14E00756E55 /* User:Blog.swift */; };
/* End PBXBuildFile section */

/* Begin PBXFileReference section */
		18606E6E2988BF0F00F43EFB /* Blog.app */ = {isa = PBXFileReference; explicitFileType = wrapper.application; includeInIndex = 0; path = Blog.app; sourceTree = BUILT_PRODUCTS_DIR; };
		18606E712988BF0F00F43EFB /* AppDelegate.swift */ = {isa = PBXFileReference; lastKnownFileType = sourcecode.swift; path = AppDelegate.swift; sourceTree = "<group>"; };
		18606E732988BF0F00F43EFB /* SceneDelegate.swift */ = {isa = PBXFileReference; lastKnownFileType = sourcecode.swift; path = SceneDelegate.swift; sourceTree = "<group>"; };
		18606E752988BF0F00F43EFB /* ViewController.swift */ = {isa = PBXFileReference; lastKnownFileType = sourcecode.swift; path = ViewController.swift; sourceTree = "<group>"; };
		18606E782988BF0F00F43EFB /* Base */ = {isa = PBXFileReference; lastKnownFileType = file.storyboard; name = Base; path = Base.lproj/Main.storyboard; sourceTree = "<group>"; };
		18606E7A2988BF1500F43EFB /* Assets.xcassets */ = {isa = PBXFileReference; lastKnownFileType = folder.assetcatalog; path = Assets.xcassets; sourceTree = "<group>"; };
		18606E7D2988BF1500F43EFB /* Base */ = {isa = PBXFileReference; lastKnownFileType = file.storyboard; name = Base; path = Base.lproj/LaunchScreen.storyboard; sourceTree = "<group>"; };
		18606E7F2988BF1500F43EFB /* Info.plist */ = {isa = PBXFileReference; lastKnownFileType = text.plist.xml; path = Info.plist; sourceTree = "<group>"; };
		18606E8B2988C42700F43EFB /* TabbarViewController.swift */ = {isa = PBXFileReference; lastKnownFileType = sourcecode.swift; path = TabbarViewController.swift; sourceTree = "<group>"; };
		18606E8D2988C44F00F43EFB /* ProfileViewController.swift */ = {isa = PBXFileReference; lastKnownFileType = sourcecode.swift; path = ProfileViewController.swift; sourceTree = "<group>"; };
		18606E8F2988C46F00F43EFB /* ViewpostViewController.swift */ = {isa = PBXFileReference; lastKnownFileType = sourcecode.swift; path = ViewpostViewController.swift; sourceTree = "<group>"; };
		18606E912988C4A400F43EFB /* SiginViewController.swift */ = {isa = PBXFileReference; lastKnownFileType = sourcecode.swift; path = SiginViewController.swift; sourceTree = "<group>"; };
		18606E932988C4C100F43EFB /* SignupViewController.swift */ = {isa = PBXFileReference; lastKnownFileType = sourcecode.swift; path = SignupViewController.swift; sourceTree = "<group>"; };
		18606E952988C51000F43EFB /* CreateViewController.swift */ = {isa = PBXFileReference; lastKnownFileType = sourcecode.swift; path = CreateViewController.swift; sourceTree = "<group>"; };
		18606E972988C56B00F43EFB /* InappManager.swift */ = {isa = PBXFileReference; lastKnownFileType = sourcecode.swift; path = InappManager.swift; sourceTree = "<group>"; };
		18606E992988C58500F43EFB /* BackEndFirebaseManager.swift */ = {isa = PBXFileReference; lastKnownFileType = sourcecode.swift; path = BackEndFirebaseManager.swift; sourceTree = "<group>"; };
		18606E9B2988C5A800F43EFB /* AutoManager.swift */ = {isa = PBXFileReference; lastKnownFileType = sourcecode.swift; path = AutoManager.swift; sourceTree = "<group>"; };
		18606E9D2988C5C000F43EFB /* UploadManager.swift */ = {isa = PBXFileReference; lastKnownFileType = sourcecode.swift; path = UploadManager.swift; sourceTree = "<group>"; };
		187F50A729891DE0009F9F93 /* GoogleService-Info.plist */ = {isa = PBXFileReference; fileEncoding = 4; lastKnownFileType = text.plist.xml; path = "GoogleService-Info.plist"; sourceTree = "<group>"; };
		187F50AA298923F5009F9F93 /* StoreKit.framework */ = {isa = PBXFileReference; lastKnownFileType = wrapper.framework; name = StoreKit.framework; path = System/Library/Frameworks/StoreKit.framework; sourceTree = SDKROOT; };
		18820F9F2989A14E00756E55 /* User:Blog.swift */ = {isa = PBXFileReference; lastKnownFileType = sourcecode.swift; path = "User:Blog.swift"; sourceTree = "<group>"; };
/* End PBXFileReference section */

/* Begin PBXFrameworksBuildPhase section */
		18606E6B2988BF0F00F43EFB /* Frameworks */ = {
			isa = PBXFrameworksBuildPhase;
			buildActionMask = 2147483647;
			files = (
				187F50AB298923F5009F9F93 /* StoreKit.framework in Frameworks */,
				187F509C29891C88009F9F93 /* FirebaseDatabase in Frameworks */,
				187F509E29891C88009F9F93 /* FirebaseFirestore in Frameworks */,
				187F50A429891C88009F9F93 /* FirebaseMessaging in Frameworks */,
				187F50AE298925B5009F9F93 /* ReceiptParser in Frameworks */,
				187F509829891C88009F9F93 /* FirebaseAnalytics in Frameworks */,
				187F50A029891C88009F9F93 /* FirebaseFirestoreCombine-Community in Frameworks */,
				187F50A629891C88009F9F93 /* FirebaseStorage in Frameworks */,
				187F509A29891C88009F9F93 /* FirebaseAuth in Frameworks */,
				187F50A229891C88009F9F93 /* FirebaseFirestoreSwift in Frameworks */,
			);
			runOnlyForDeploymentPostprocessing = 0;
		};
/* End PBXFrameworksBuildPhase section */

/* Begin PBXGroup section */
		18606E652988BF0F00F43EFB = {
			isa = PBXGroup;
			children = (
				18606E702988BF0F00F43EFB /* Blog */,
				18606E6F2988BF0F00F43EFB /* Products */,
				187F50A9298923F5009F9F93 /* Frameworks */,
			);
			sourceTree = "<group>";
		};
		18606E6F2988BF0F00F43EFB /* Products */ = {
			isa = PBXGroup;
			children = (
				18606E6E2988BF0F00F43EFB /* Blog.app */,
			);
			name = Products;
			sourceTree = "<group>";
		};
		18606E702988BF0F00F43EFB /* Blog */ = {
			isa = PBXGroup;
			children = (
				187F50A729891DE0009F9F93 /* GoogleService-Info.plist */,
				18606E8A2988C24B00F43EFB /* Model */,
				18606E892988C23900F43EFB /* views */,
				18606E872988C21B00F43EFB /* Controllers */,
				18606E862988C1FD00F43EFB /* other */,
				18606E852988C1EE00F43EFB /* Managers */,
				18606E772988BF0F00F43EFB /* Main.storyboard */,
				18606E7A2988BF1500F43EFB /* Assets.xcassets */,
				18606E7C2988BF1500F43EFB /* LaunchScreen.storyboard */,
				18606E7F2988BF1500F43EFB /* Info.plist */,
			);
			path = Blog;
			sourceTree = "<group>";
		};
		18606E852988C1EE00F43EFB /* Managers */ = {
			isa = PBXGroup;
			children = (
				18606E972988C56B00F43EFB /* InappManager.swift */,
				18606E992988C58500F43EFB /* BackEndFirebaseManager.swift */,
				18606E9B2988C5A800F43EFB /* AutoManager.swift */,
				18606E9D2988C5C000F43EFB /* UploadManager.swift */,
			);
			path = Managers;
			sourceTree = "<group>";
		};
		18606E862988C1FD00F43EFB /* other */ = {
			isa = PBXGroup;
			children = (
				18606E712988BF0F00F43EFB /* AppDelegate.swift */,
				18606E732988BF0F00F43EFB /* SceneDelegate.swift */,
			);
			name = other;
			path = "New Group1";
			sourceTree = "<group>";
		};
		18606E872988C21B00F43EFB /* Controllers */ = {
			isa = PBXGroup;
			children = (
				18606E752988BF0F00F43EFB /* ViewController.swift */,
				18606E8B2988C42700F43EFB /* TabbarViewController.swift */,
				18606E8D2988C44F00F43EFB /* ProfileViewController.swift */,
				18606E8F2988C46F00F43EFB /* ViewpostViewController.swift */,
				18606E912988C4A400F43EFB /* SiginViewController.swift */,
				18606E932988C4C100F43EFB /* SignupViewController.swift */,
				18606E952988C51000F43EFB /* CreateViewController.swift */,
			);
			name = Controllers;
			path = "New Group";
			sourceTree = "<group>";
		};
		18606E892988C23900F43EFB /* views */ = {
			isa = PBXGroup;
			children = (
			);
			path = views;
			sourceTree = "<group>";
		};
		18606E8A2988C24B00F43EFB /* Model */ = {
			isa = PBXGroup;
			children = (
				18820F9F2989A14E00756E55 /* User:Blog.swift */,
			);
			path = Model;
			sourceTree = "<group>";
		};
		187F50A9298923F5009F9F93 /* Frameworks */ = {
			isa = PBXGroup;
			children = (
				187F50AA298923F5009F9F93 /* StoreKit.framework */,
			);
			name = Frameworks;
			sourceTree = "<group>";
		};
/* End PBXGroup section */

/* Begin PBXNativeTarget section */
		18606E6D2988BF0F00F43EFB /* Blog */ = {
			isa = PBXNativeTarget;
			buildConfigurationList = 18606E822988BF1500F43EFB /* Build configuration list for PBXNativeTarget "Blog" */;
			buildPhases = (
				18606E6A2988BF0F00F43EFB /* Sources */,
				18606E6B2988BF0F00F43EFB /* Frameworks */,
				18606E6C2988BF0F00F43EFB /* Resources */,
			);
			buildRules = (
			);
			dependencies = (
			);
			name = Blog;
			packageProductDependencies = (
				187F509729891C88009F9F93 /* FirebaseAnalytics */,
				187F509929891C88009F9F93 /* FirebaseAuth */,
				187F509B29891C88009F9F93 /* FirebaseDatabase */,
				187F509D29891C88009F9F93 /* FirebaseFirestore */,
				187F509F29891C88009F9F93 /* FirebaseFirestoreCombine-Community */,
				187F50A129891C88009F9F93 /* FirebaseFirestoreSwift */,
				187F50A329891C88009F9F93 /* FirebaseMessaging */,
				187F50A529891C88009F9F93 /* FirebaseStorage */,
				187F50AD298925B5009F9F93 /* ReceiptParser */,
			);
			productName = Blog;
			productReference = 18606E6E2988BF0F00F43EFB /* Blog.app */;
			productType = "com.apple.product-type.application";
		};
/* End PBXNativeTarget section */

/* Begin PBXProject section */
		18606E662988BF0F00F43EFB /* Project object */ = {
			isa = PBXProject;
			attributes = {
				BuildIndependentTargetsInParallel = 1;
				LastSwiftUpdateCheck = 1420;
				LastUpgradeCheck = 1420;
				TargetAttributes = {
					18606E6D2988BF0F00F43EFB = {
						CreatedOnToolsVersion = 14.2;
					};
				};
			};
			buildConfigurationList = 18606E692988BF0F00F43EFB /* Build configuration list for PBXProject "Blog" */;
			compatibilityVersion = "Xcode 14.0";
			developmentRegion = en;
			hasScannedForEncodings = 0;
			knownRegions = (
				en,
				Base,
			);
			mainGroup = 18606E652988BF0F00F43EFB;
			packageReferences = (
				187F509629891C88009F9F93 /* XCRemoteSwiftPackageReference "firebase-ios-sdk" */,
				187F50AC298925B5009F9F93 /* XCRemoteSwiftPackageReference "purchases-ios" */,
			);
			productRefGroup = 18606E6F2988BF0F00F43EFB /* Products */;
			projectDirPath = "";
			projectRoot = "";
			targets = (
				18606E6D2988BF0F00F43EFB /* Blog */,
			);
		};
/* End PBXProject section */

/* Begin PBXResourcesBuildPhase section */
		18606E6C2988BF0F00F43EFB /* Resources */ = {
			isa = PBXResourcesBuildPhase;
			buildActionMask = 2147483647;
			files = (
				18606E7E2988BF1500F43EFB /* LaunchScreen.storyboard in Resources */,
				187F50A829891DE2009F9F93 /* GoogleService-Info.plist in Resources */,
				18606E7B2988BF1500F43EFB /* Assets.xcassets in Resources */,
				18606E792988BF0F00F43EFB /* Main.storyboard in Resources */,
			);
			runOnlyForDeploymentPostprocessing = 0;
		};
/* End PBXResourcesBuildPhase section */

/* Begin PBXSourcesBuildPhase section */
		18606E6A2988BF0F00F43EFB /* Sources */ = {
			isa = PBXSourcesBuildPhase;
			buildActionMask = 2147483647;
			files = (
				18606E9C2988C5A800F43EFB /* AutoManager.swift in Sources */,
				18606E8C2988C42800F43EFB /* TabbarViewController.swift in Sources */,
				18606E922988C4A400F43EFB /* SiginViewController.swift in Sources */,
				18606E982988C56B00F43EFB /* InappManager.swift in Sources */,
				18606E962988C51000F43EFB /* CreateViewController.swift in Sources */,
				18606E942988C4C100F43EFB /* SignupViewController.swift in Sources */,
				18606E9A2988C58500F43EFB /* BackEndFirebaseManager.swift in Sources */,
				18606E762988BF0F00F43EFB /* ViewController.swift in Sources */,
				18606E9E2988C5C000F43EFB /* UploadManager.swift in Sources */,
				18820FA02989A14E00756E55 /* User:Blog.swift in Sources */,
				18606E8E2988C44F00F43EFB /* ProfileViewController.swift in Sources */,
				18606E722988BF0F00F43EFB /* AppDelegate.swift in Sources */,
				18606E742988BF0F00F43EFB /* SceneDelegate.swift in Sources */,
				18606E902988C46F00F43EFB /* ViewpostViewController.swift in Sources */,
			);
			runOnlyForDeploymentPostprocessing = 0;
		};
/* End PBXSourcesBuildPhase section */

/* Begin PBXVariantGroup section */
		18606E772988BF0F00F43EFB /* Main.storyboard */ = {
			isa = PBXVariantGroup;
			children = (
				18606E782988BF0F00F43EFB /* Base */,
			);
			name = Main.storyboard;
			sourceTree = "<group>";
		};
		18606E7C2988BF1500F43EFB /* LaunchScreen.storyboard */ = {
			isa = PBXVariantGroup;
			children = (
				18606E7D2988BF1500F43EFB /* Base */,
			);
			name = LaunchScreen.storyboard;
			sourceTree = "<group>";
		};
/* End PBXVariantGroup section */

/* Begin XCBuildConfiguration section */
		18606E802988BF1500F43EFB /* Debug */ = {
			isa = XCBuildConfiguration;
			buildSettings = {
				ALWAYS_SEARCH_USER_PATHS = NO;
				CLANG_ANALYZER_NONNULL = YES;
				CLANG_ANALYZER_NUMBER_OBJECT_CONVERSION = YES_AGGRESSIVE;
				CLANG_CXX_LANGUAGE_STANDARD = "gnu++20";
				CLANG_ENABLE_MODULES = YES;
				CLANG_ENABLE_OBJC_ARC = YES;
				CLANG_ENABLE_OBJC_WEAK = YES;
				CLANG_WARN_BLOCK_CAPTURE_AUTORELEASING = YES;
				CLANG_WARN_BOOL_CONVERSION = YES;
				CLANG_WARN_COMMA = YES;
				CLANG_WARN_CONSTANT_CONVERSION = YES;
				CLANG_WARN_DEPRECATED_OBJC_IMPLEMENTATIONS = YES;
				CLANG_WARN_DIRECT_OBJC_ISA_USAGE = YES_ERROR;
				CLANG_WARN_DOCUMENTATION_COMMENTS = YES;
				CLANG_WARN_EMPTY_BODY = YES;
				CLANG_WARN_ENUM_CONVERSION = YES;
				CLANG_WARN_INFINITE_RECURSION = YES;
				CLANG_WARN_INT_CONVERSION = YES;
				CLANG_WARN_NON_LITERAL_NULL_CONVERSION = YES;
				CLANG_WARN_OBJC_IMPLICIT_RETAIN_SELF = YES;
				CLANG_WARN_OBJC_LITERAL_CONVERSION = YES;
				CLANG_WARN_OBJC_ROOT_CLASS = YES_ERROR;
				CLANG_WARN_QUOTED_INCLUDE_IN_FRAMEWORK_HEADER = YES;
				CLANG_WARN_RANGE_LOOP_ANALYSIS = YES;
				CLANG_WARN_STRICT_PROTOTYPES = YES;
				CLANG_WARN_SUSPICIOUS_MOVE = YES;
				CLANG_WARN_UNGUARDED_AVAILABILITY = YES_AGGRESSIVE;
				CLANG_WARN_UNREACHABLE_CODE = YES;
				CLANG_WARN__DUPLICATE_METHOD_MATCH = YES;
				COPY_PHASE_STRIP = NO;
				DEBUG_INFORMATION_FORMAT = dwarf;
				ENABLE_STRICT_OBJC_MSGSEND = YES;
				ENABLE_TESTABILITY = YES;
				GCC_C_LANGUAGE_STANDARD = gnu11;
				GCC_DYNAMIC_NO_PIC = NO;
				GCC_NO_COMMON_BLOCKS = YES;
				GCC_OPTIMIZATION_LEVEL = 0;
				GCC_PREPROCESSOR_DEFINITIONS = (
					"DEBUG=1",
					"$(inherited)",
				);
				GCC_WARN_64_TO_32_BIT_CONVERSION = YES;
				GCC_WARN_ABOUT_RETURN_TYPE = YES_ERROR;
				GCC_WARN_UNDECLARED_SELECTOR = YES;
				GCC_WARN_UNINITIALIZED_AUTOS = YES_AGGRESSIVE;
				GCC_WARN_UNUSED_FUNCTION = YES;
				GCC_WARN_UNUSED_VARIABLE = YES;
				IPHONEOS_DEPLOYMENT_TARGET = 15.0;
				MTL_ENABLE_DEBUG_INFO = INCLUDE_SOURCE;
				MTL_FAST_MATH = YES;
				ONLY_ACTIVE_ARCH = YES;
				SDKROOT = iphoneos;
				SWIFT_ACTIVE_COMPILATION_CONDITIONS = DEBUG;
				SWIFT_OPTIMIZATION_LEVEL = "-Onone";
			};
			name = Debug;
		};
		18606E812988BF1500F43EFB /* Release */ = {
			isa = XCBuildConfiguration;
			buildSettings = {
				ALWAYS_SEARCH_USER_PATHS = NO;
				CLANG_ANALYZER_NONNULL = YES;
				CLANG_ANALYZER_NUMBER_OBJECT_CONVERSION = YES_AGGRESSIVE;
				CLANG_CXX_LANGUAGE_STANDARD = "gnu++20";
				CLANG_ENABLE_MODULES = YES;
				CLANG_ENABLE_OBJC_ARC = YES;
				CLANG_ENABLE_OBJC_WEAK = YES;
				CLANG_WARN_BLOCK_CAPTURE_AUTORELEASING = YES;
				CLANG_WARN_BOOL_CONVERSION = YES;
				CLANG_WARN_COMMA = YES;
				CLANG_WARN_CONSTANT_CONVERSION = YES;
				CLANG_WARN_DEPRECATED_OBJC_IMPLEMENTATIONS = YES;
				CLANG_WARN_DIRECT_OBJC_ISA_USAGE = YES_ERROR;
				CLANG_WARN_DOCUMENTATION_COMMENTS = YES;
				CLANG_WARN_EMPTY_BODY = YES;
				CLANG_WARN_ENUM_CONVERSION = YES;
				CLANG_WARN_INFINITE_RECURSION = YES;
				CLANG_WARN_INT_CONVERSION = YES;
				CLANG_WARN_NON_LITERAL_NULL_CONVERSION = YES;
				CLANG_WARN_OBJC_IMPLICIT_RETAIN_SELF = YES;
				CLANG_WARN_OBJC_LITERAL_CONVERSION = YES;
				CLANG_WARN_OBJC_ROOT_CLASS = YES_ERROR;
				CLANG_WARN_QUOTED_INCLUDE_IN_FRAMEWORK_HEADER = YES;
				CLANG_WARN_RANGE_LOOP_ANALYSIS = YES;
				CLANG_WARN_STRICT_PROTOTYPES = YES;
				CLANG_WARN_SUSPICIOUS_MOVE = YES;
				CLANG_WARN_UNGUARDED_AVAILABILITY = YES_AGGRESSIVE;
				CLANG_WARN_UNREACHABLE_CODE = YES;
				CLANG_WARN__DUPLICATE_METHOD_MATCH = YES;
				COPY_PHASE_STRIP = NO;
				DEBUG_INFORMATION_FORMAT = "dwarf-with-dsym";
				ENABLE_NS_ASSERTIONS = NO;
				ENABLE_STRICT_OBJC_MSGSEND = YES;
				GCC_C_LANGUAGE_STANDARD = gnu11;
				GCC_NO_COMMON_BLOCKS = YES;
				GCC_WARN_64_TO_32_BIT_CONVERSION = YES;
				GCC_WARN_ABOUT_RETURN_TYPE = YES_ERROR;
				GCC_WARN_UNDECLARED_SELECTOR = YES;
				GCC_WARN_UNINITIALIZED_AUTOS = YES_AGGRESSIVE;
				GCC_WARN_UNUSED_FUNCTION = YES;
				GCC_WARN_UNUSED_VARIABLE = YES;
				IPHONEOS_DEPLOYMENT_TARGET = 15.0;
				MTL_ENABLE_DEBUG_INFO = NO;
				MTL_FAST_MATH = YES;
				SDKROOT = iphoneos;
				SWIFT_COMPILATION_MODE = wholemodule;
				SWIFT_OPTIMIZATION_LEVEL = "-O";
				VALIDATE_PRODUCT = YES;
			};
			name = Release;
		};
		18606E832988BF1500F43EFB /* Debug */ = {
			isa = XCBuildConfiguration;
			buildSettings = {
				ASSETCATALOG_COMPILER_APPICON_NAME = AppIcon;
				ASSETCATALOG_COMPILER_GLOBAL_ACCENT_COLOR_NAME = AccentColor;
				CODE_SIGN_STYLE = Automatic;
				CURRENT_PROJECT_VERSION = 1;
				DEVELOPMENT_TEAM = HNS64TAJ9X;
				GENERATE_INFOPLIST_FILE = YES;
				INFOPLIST_FILE = Blog/Info.plist;
				INFOPLIST_KEY_CFBundleDisplayName = Blog;
				INFOPLIST_KEY_UIApplicationSupportsIndirectInputEvents = YES;
				INFOPLIST_KEY_UILaunchStoryboardName = LaunchScreen;
				INFOPLIST_KEY_UISupportedInterfaceOrientations = UIInterfaceOrientationPortrait;
				LD_RUNPATH_SEARCH_PATHS = (
					"$(inherited)",
					"@executable_path/Frameworks",
				);
				MARKETING_VERSION = 1.0;
				PRODUCT_BUNDLE_IDENTIFIER = com.bigjermaine.Blog;
				PRODUCT_NAME = "$(TARGET_NAME)";
				SWIFT_EMIT_LOC_STRINGS = YES;
				SWIFT_VERSION = 5.0;
				TARGETED_DEVICE_FAMILY = "1,2";
			};
			name = Debug;
		};
		18606E842988BF1500F43EFB /* Release */ = {
			isa = XCBuildConfiguration;
			buildSettings = {
				ASSETCATALOG_COMPILER_APPICON_NAME = AppIcon;
				ASSETCATALOG_COMPILER_GLOBAL_ACCENT_COLOR_NAME = AccentColor;
				CODE_SIGN_STYLE = Automatic;
				CURRENT_PROJECT_VERSION = 1;
				DEVELOPMENT_TEAM = HNS64TAJ9X;
				GENERATE_INFOPLIST_FILE = YES;
				INFOPLIST_FILE = Blog/Info.plist;
				INFOPLIST_KEY_CFBundleDisplayName = Blog;
				INFOPLIST_KEY_UIApplicationSupportsIndirectInputEvents = YES;
				INFOPLIST_KEY_UILaunchStoryboardName = LaunchScreen;
				INFOPLIST_KEY_UISupportedInterfaceOrientations = UIInterfaceOrientationPortrait;
				LD_RUNPATH_SEARCH_PATHS = (
					"$(inherited)",
					"@executable_path/Frameworks",
				);
				MARKETING_VERSION = 1.0;
				PRODUCT_BUNDLE_IDENTIFIER = com.bigjermaine.Blog;
				PRODUCT_NAME = "$(TARGET_NAME)";
				SWIFT_EMIT_LOC_STRINGS = YES;
				SWIFT_VERSION = 5.0;
				TARGETED_DEVICE_FAMILY = "1,2";
			};
			name = Release;
		};
/* End XCBuildConfiguration section */

/* Begin XCConfigurationList section */
		18606E692988BF0F00F43EFB /* Build configuration list for PBXProject "Blog" */ = {
			isa = XCConfigurationList;
			buildConfigurations = (
				18606E802988BF1500F43EFB /* Debug */,
				18606E812988BF1500F43EFB /* Release */,
			);
			defaultConfigurationIsVisible = 0;
			defaultConfigurationName = Release;
		};
		18606E822988BF1500F43EFB /* Build configuration list for PBXNativeTarget "Blog" */ = {
			isa = XCConfigurationList;
			buildConfigurations = (
				18606E832988BF1500F43EFB /* Debug */,
				18606E842988BF1500F43EFB /* Release */,
			);
			defaultConfigurationIsVisible = 0;
			defaultConfigurationName = Release;
		};
/* End XCConfigurationList section */

/* Begin XCRemoteSwiftPackageReference section */
		187F509629891C88009F9F93 /* XCRemoteSwiftPackageReference "firebase-ios-sdk" */ = {
			isa = XCRemoteSwiftPackageReference;
			repositoryURL = "https://github.com/firebase/firebase-ios-sdk";
			requirement = {
				branch = master;
				kind = branch;
			};
		};
		187F50AC298925B5009F9F93 /* XCRemoteSwiftPackageReference "purchases-ios" */ = {
			isa = XCRemoteSwiftPackageReference;
			repositoryURL = "https://github.com/RevenueCat/purchases-ios.git";
			requirement = {
				kind = upToNextMajorVersion;
				minimumVersion = 4.0.0;
			};
		};
/* End XCRemoteSwiftPackageReference section */

/* Begin XCSwiftPackageProductDependency section */
		187F509729891C88009F9F93 /* FirebaseAnalytics */ = {
			isa = XCSwiftPackageProductDependency;
			package = 187F509629891C88009F9F93 /* XCRemoteSwiftPackageReference "firebase-ios-sdk" */;
			productName = FirebaseAnalytics;
		};
		187F509929891C88009F9F93 /* FirebaseAuth */ = {
			isa = XCSwiftPackageProductDependency;
			package = 187F509629891C88009F9F93 /* XCRemoteSwiftPackageReference "firebase-ios-sdk" */;
			productName = FirebaseAuth;
		};
		187F509B29891C88009F9F93 /* FirebaseDatabase */ = {
			isa = XCSwiftPackageProductDependency;
			package = 187F509629891C88009F9F93 /* XCRemoteSwiftPackageReference "firebase-ios-sdk" */;
			productName = FirebaseDatabase;
		};
		187F509D29891C88009F9F93 /* FirebaseFirestore */ = {
			isa = XCSwiftPackageProductDependency;
			package = 187F509629891C88009F9F93 /* XCRemoteSwiftPackageReference "firebase-ios-sdk" */;
			productName = FirebaseFirestore;
		};
		187F509F29891C88009F9F93 /* FirebaseFirestoreCombine-Community */ = {
			isa = XCSwiftPackageProductDependency;
			package = 187F509629891C88009F9F93 /* XCRemoteSwiftPackageReference "firebase-ios-sdk" */;
			productName = "FirebaseFirestoreCombine-Community";
		};
		187F50A129891C88009F9F93 /* FirebaseFirestoreSwift */ = {
			isa = XCSwiftPackageProductDependency;
			package = 187F509629891C88009F9F93 /* XCRemoteSwiftPackageReference "firebase-ios-sdk" */;
			productName = FirebaseFirestoreSwift;
		};
		187F50A329891C88009F9F93 /* FirebaseMessaging */ = {
			isa = XCSwiftPackageProductDependency;
			package = 187F509629891C88009F9F93 /* XCRemoteSwiftPackageReference "firebase-ios-sdk" */;
			productName = FirebaseMessaging;
		};
		187F50A529891C88009F9F93 /* FirebaseStorage */ = {
			isa = XCSwiftPackageProductDependency;
			package = 187F509629891C88009F9F93 /* XCRemoteSwiftPackageReference "firebase-ios-sdk" */;
			productName = FirebaseStorage;
		};
		187F50AD298925B5009F9F93 /* ReceiptParser */ = {
			isa = XCSwiftPackageProductDependency;
			package = 187F50AC298925B5009F9F93 /* XCRemoteSwiftPackageReference "purchases-ios" */;
			productName = ReceiptParser;
		};
/* End XCSwiftPackageProductDependency section */
	};
	rootObject = 18606E662988BF0F00F43EFB /* Project object */;
}
